// !$*UTF8*$!
{
	archiveVersion = 1;
	classes = {
	};
	objectVersion = 46;
	objects = {

/* Begin PBXBuildFile section */
		0420C06F15BBEF0BB477A5E2 /* libPods-AdaptiveXIBCell.a in Frameworks */ = {isa = PBXBuildFile; fileRef = 5473B2646044FF91984DDCBC /* libPods-AdaptiveXIBCell.a */; };
		A18FF05A1DF6595400130A4B /* main.m in Sources */ = {isa = PBXBuildFile; fileRef = A18FF0591DF6595400130A4B /* main.m */; };
		A18FF05D1DF6595400130A4B /* AppDelegate.m in Sources */ = {isa = PBXBuildFile; fileRef = A18FF05C1DF6595400130A4B /* AppDelegate.m */; };
		A18FF0661DF6595400130A4B /* AdaptiveXIBCell.xcdatamodeld in Sources */ = {isa = PBXBuildFile; fileRef = A18FF0641DF6595400130A4B /* AdaptiveXIBCell.xcdatamodeld */; };
		A18FF0681DF6595400130A4B /* Assets.xcassets in Resources */ = {isa = PBXBuildFile; fileRef = A18FF0671DF6595400130A4B /* Assets.xcassets */; };
		A18FF06B1DF6595400130A4B /* LaunchScreen.storyboard in Resources */ = {isa = PBXBuildFile; fileRef = A18FF0691DF6595400130A4B /* LaunchScreen.storyboard */; };
		A18FF0731DF65AEA00130A4B /* ModelList.plist in Resources */ = {isa = PBXBuildFile; fileRef = A18FF0721DF65AEA00130A4B /* ModelList.plist */; };
		A18FF0761DF65B1C00130A4B /* BaseViewController.m in Sources */ = {isa = PBXBuildFile; fileRef = A18FF0751DF65B1C00130A4B /* BaseViewController.m */; };
		A18FF07A1DF65B4E00130A4B /* AdaptiveTableViewCell.m in Sources */ = {isa = PBXBuildFile; fileRef = A18FF0781DF65B4E00130A4B /* AdaptiveTableViewCell.m */; };
		A18FF07B1DF65B4E00130A4B /* ApaptiveTableViewCell.xib in Resources */ = {isa = PBXBuildFile; fileRef = A18FF0791DF65B4E00130A4B /* ApaptiveTableViewCell.xib */; };
		A18FF07E1DF65B5600130A4B /* AdaptiveModel.m in Sources */ = {isa = PBXBuildFile; fileRef = A18FF07D1DF65B5600130A4B /* AdaptiveModel.m */; };
/* End PBXBuildFile section */

/* Begin PBXFileReference section */
		5473B2646044FF91984DDCBC /* libPods-AdaptiveXIBCell.a */ = {isa = PBXFileReference; explicitFileType = archive.ar; includeInIndex = 0; path = "libPods-AdaptiveXIBCell.a"; sourceTree = BUILT_PRODUCTS_DIR; };
		5911E5D97334C6D6998108C7 /* Pods-AdaptiveXIBCell.debug.xcconfig */ = {isa = PBXFileReference; includeInIndex = 1; lastKnownFileType = text.xcconfig; name = "Pods-AdaptiveXIBCell.debug.xcconfig"; path = "Pods/Target Support Files/Pods-AdaptiveXIBCell/Pods-AdaptiveXIBCell.debug.xcconfig"; sourceTree = "<group>"; };
		89408B5E99D696AA43807D6E /* Pods-AdaptiveXIBCell.release.xcconfig */ = {isa = PBXFileReference; includeInIndex = 1; lastKnownFileType = text.xcconfig; name = "Pods-AdaptiveXIBCell.release.xcconfig"; path = "Pods/Target Support Files/Pods-AdaptiveXIBCell/Pods-AdaptiveXIBCell.release.xcconfig"; sourceTree = "<group>"; };
		A18FF0551DF6595400130A4B /* AdaptiveXIBCell.app */ = {isa = PBXFileReference; explicitFileType = wrapper.application; includeInIndex = 0; path = AdaptiveXIBCell.app; sourceTree = BUILT_PRODUCTS_DIR; };
		A18FF0591DF6595400130A4B /* main.m */ = {isa = PBXFileReference; lastKnownFileType = sourcecode.c.objc; path = main.m; sourceTree = "<group>"; };
		A18FF05B1DF6595400130A4B /* AppDelegate.h */ = {isa = PBXFileReference; lastKnownFileType = sourcecode.c.h; path = AppDelegate.h; sourceTree = "<group>"; };
		A18FF05C1DF6595400130A4B /* AppDelegate.m */ = {isa = PBXFileReference; lastKnownFileType = sourcecode.c.objc; path = AppDelegate.m; sourceTree = "<group>"; };
		A18FF0651DF6595400130A4B /* AdaptiveXIBCell.xcdatamodel */ = {isa = PBXFileReference; lastKnownFileType = wrapper.xcdatamodel; path = AdaptiveXIBCell.xcdatamodel; sourceTree = "<group>"; };
		A18FF0671DF6595400130A4B /* Assets.xcassets */ = {isa = PBXFileReference; lastKnownFileType = folder.assetcatalog; path = Assets.xcassets; sourceTree = "<group>"; };
		A18FF06A1DF6595400130A4B /* Base */ = {isa = PBXFileReference; lastKnownFileType = file.storyboard; name = Base; path = Base.lproj/LaunchScreen.storyboard; sourceTree = "<group>"; };
		A18FF06C1DF6595400130A4B /* Info.plist */ = {isa = PBXFileReference; lastKnownFileType = text.plist.xml; path = Info.plist; sourceTree = "<group>"; };
		A18FF0721DF65AEA00130A4B /* ModelList.plist */ = {isa = PBXFileReference; fileEncoding = 4; lastKnownFileType = text.plist.xml; path = ModelList.plist; sourceTree = "<group>"; };
		A18FF0741DF65B1C00130A4B /* BaseViewController.h */ = {isa = PBXFileReference; fileEncoding = 4; lastKnownFileType = sourcecode.c.h; path = BaseViewController.h; sourceTree = "<group>"; };
		A18FF0751DF65B1C00130A4B /* BaseViewController.m */ = {isa = PBXFileReference; fileEncoding = 4; lastKnownFileType = sourcecode.c.objc; path = BaseViewController.m; sourceTree = "<group>"; };
		A18FF0771DF65B4E00130A4B /* AdaptiveTableViewCell.h */ = {isa = PBXFileReference; fileEncoding = 4; lastKnownFileType = sourcecode.c.h; path = AdaptiveTableViewCell.h; sourceTree = "<group>"; };
		A18FF0781DF65B4E00130A4B /* AdaptiveTableViewCell.m */ = {isa = PBXFileReference; fileEncoding = 4; lastKnownFileType = sourcecode.c.objc; path = AdaptiveTableViewCell.m; sourceTree = "<group>"; };
		A18FF0791DF65B4E00130A4B /* ApaptiveTableViewCell.xib */ = {isa = PBXFileReference; fileEncoding = 4; lastKnownFileType = file.xib; path = ApaptiveTableViewCell.xib; sourceTree = "<group>"; };
		A18FF07C1DF65B5600130A4B /* AdaptiveModel.h */ = {isa = PBXFileReference; fileEncoding = 4; lastKnownFileType = sourcecode.c.h; path = AdaptiveModel.h; sourceTree = "<group>"; };
		A18FF07D1DF65B5600130A4B /* AdaptiveModel.m */ = {isa = PBXFileReference; fileEncoding = 4; lastKnownFileType = sourcecode.c.objc; path = AdaptiveModel.m; sourceTree = "<group>"; };
/* End PBXFileReference section */

/* Begin PBXFrameworksBuildPhase section */
		A18FF0521DF6595400130A4B /* Frameworks */ = {
			isa = PBXFrameworksBuildPhase;
			buildActionMask = 2147483647;
			files = (
				0420C06F15BBEF0BB477A5E2 /* libPods-AdaptiveXIBCell.a in Frameworks */,
			);
			runOnlyForDeploymentPostprocessing = 0;
		};
/* End PBXFrameworksBuildPhase section */

/* Begin PBXGroup section */
		2E4E876144DEFB55B0861E31 /* Pods */ = {
			isa = PBXGroup;
			children = (
				5911E5D97334C6D6998108C7 /* Pods-AdaptiveXIBCell.debug.xcconfig */,
				89408B5E99D696AA43807D6E /* Pods-AdaptiveXIBCell.release.xcconfig */,
			);
			name = Pods;
			sourceTree = "<group>";
		};
		4A6E5BE4B149238EDAE14622 /* Frameworks */ = {
			isa = PBXGroup;
			children = (
				5473B2646044FF91984DDCBC /* libPods-AdaptiveXIBCell.a */,
			);
			name = Frameworks;
			sourceTree = "<group>";
		};
		A18FF04C1DF6595400130A4B = {
			isa = PBXGroup;
			children = (
				A18FF0571DF6595400130A4B /* AdaptiveXIBCell */,
				A18FF0561DF6595400130A4B /* Products */,
				2E4E876144DEFB55B0861E31 /* Pods */,
				4A6E5BE4B149238EDAE14622 /* Frameworks */,
			);
			sourceTree = "<group>";
		};
		A18FF0561DF6595400130A4B /* Products */ = {
			isa = PBXGroup;
			children = (
				A18FF0551DF6595400130A4B /* AdaptiveXIBCell.app */,
			);
			name = Products;
			sourceTree = "<group>";
		};
		A18FF0571DF6595400130A4B /* AdaptiveXIBCell */ = {
			isa = PBXGroup;
			children = (
				A18FF05B1DF6595400130A4B /* AppDelegate.h */,
				A18FF05C1DF6595400130A4B /* AppDelegate.m */,
				A18FF0741DF65B1C00130A4B /* BaseViewController.h */,
				A18FF0751DF65B1C00130A4B /* BaseViewController.m */,
				A18FF0771DF65B4E00130A4B /* AdaptiveTableViewCell.h */,
				A18FF0781DF65B4E00130A4B /* AdaptiveTableViewCell.m */,
				A18FF0791DF65B4E00130A4B /* ApaptiveTableViewCell.xib */,
				A18FF07C1DF65B5600130A4B /* AdaptiveModel.h */,
				A18FF07D1DF65B5600130A4B /* AdaptiveModel.m */,
				A18FF0671DF6595400130A4B /* Assets.xcassets */,
				A18FF0691DF6595400130A4B /* LaunchScreen.storyboard */,
				A18FF06C1DF6595400130A4B /* Info.plist */,
				A18FF0641DF6595400130A4B /* AdaptiveXIBCell.xcdatamodeld */,
				A18FF0581DF6595400130A4B /* Supporting Files */,
			);
			path = AdaptiveXIBCell;
			sourceTree = "<group>";
		};
		A18FF0581DF6595400130A4B /* Supporting Files */ = {
			isa = PBXGroup;
			children = (
				A18FF0721DF65AEA00130A4B /* ModelList.plist */,
				A18FF0591DF6595400130A4B /* main.m */,
			);
			name = "Supporting Files";
			sourceTree = "<group>";
		};
/* End PBXGroup section */

/* Begin PBXNativeTarget section */
		A18FF0541DF6595400130A4B /* AdaptiveXIBCell */ = {
			isa = PBXNativeTarget;
			buildConfigurationList = A18FF06F1DF6595400130A4B /* Build configuration list for PBXNativeTarget "AdaptiveXIBCell" */;
			buildPhases = (
				20324249EC85F3CDAAE987DE /* [CP] Check Pods Manifest.lock */,
				A18FF0511DF6595400130A4B /* Sources */,
				A18FF0521DF6595400130A4B /* Frameworks */,
				A18FF0531DF6595400130A4B /* Resources */,
				9D763B9C0A5138C24549C11A /* [CP] Embed Pods Frameworks */,
				DED57FE912BE304F8A206244 /* [CP] Copy Pods Resources */,
			);
			buildRules = (
			);
			dependencies = (
			);
			name = AdaptiveXIBCell;
			productName = AdaptiveXIBCell;
			productReference = A18FF0551DF6595400130A4B /* AdaptiveXIBCell.app */;
			productType = "com.apple.product-type.application";
		};
/* End PBXNativeTarget section */

/* Begin PBXProject section */
		A18FF04D1DF6595400130A4B /* Project object */ = {
			isa = PBXProject;
			attributes = {
				LastUpgradeCheck = 0810;
				ORGANIZATIONNAME = HB;
				TargetAttributes = {
					A18FF0541DF6595400130A4B = {
						CreatedOnToolsVersion = 8.1;
						ProvisioningStyle = Automatic;
					};
				};
			};
			buildConfigurationList = A18FF0501DF6595400130A4B /* Build configuration list for PBXProject "AdaptiveXIBCell" */;
			compatibilityVersion = "Xcode 3.2";
			developmentRegion = English;
			hasScannedForEncodings = 0;
			knownRegions = (
				en,
				Base,
			);
			mainGroup = A18FF04C1DF6595400130A4B;
			productRefGroup = A18FF0561DF6595400130A4B /* Products */;
			projectDirPath = "";
			projectRoot = "";
			targets = (
				A18FF0541DF6595400130A4B /* AdaptiveXIBCell */,
			);
		};
/* End PBXProject section */

/* Begin PBXResourcesBuildPhase section */
		A18FF0531DF6595400130A4B /* Resources */ = {
			isa = PBXResourcesBuildPhase;
			buildActionMask = 2147483647;
			files = (
				A18FF06B1DF6595400130A4B /* LaunchScreen.storyboard in Resources */,
				A18FF0681DF6595400130A4B /* Assets.xcassets in Resources */,
				A18FF0731DF65AEA00130A4B /* ModelList.plist in Resources */,
				A18FF07B1DF65B4E00130A4B /* ApaptiveTableViewCell.xib in Resources */,
			);
			runOnlyForDeploymentPostprocessing = 0;
		};
/* End PBXResourcesBuildPhase section */

/* Begin PBXShellScriptBuildPhase section */
		20324249EC85F3CDAAE987DE /* [CP] Check Pods Manifest.lock */ = {
			isa = PBXShellScriptBuildPhase;
			buildActionMask = 2147483647;
			files = (
			);
			inputPaths = (
			);
			name = "[CP] Check Pods Manifest.lock";
			outputPaths = (
			);
			runOnlyForDeploymentPostprocessing = 0;
			shellPath = /bin/sh;
			shellScript = "diff \"${PODS_ROOT}/../Podfile.lock\" \"${PODS_ROOT}/Manifest.lock\" > /dev/null\nif [ $? != 0 ] ; then\n    # print error to STDERR\n    echo \"error: The sandbox is not in sync with the Podfile.lock. Run 'pod install' or update your CocoaPods installation.\" >&2\n    exit 1\nfi\n";
			showEnvVarsInLog = 0;
		};
		9D763B9C0A5138C24549C11A /* [CP] Embed Pods Frameworks */ = {
			isa = PBXShellScriptBuildPhase;
			buildActionMask = 2147483647;
			files = (
			);
			inputPaths = (
			);
			name = "[CP] Embed Pods Frameworks";
			outputPaths = (
			);
			runOnlyForDeploymentPostprocessing = 0;
			shellPath = /bin/sh;
			shellScript = "\"${SRCROOT}/Pods/Target Support Files/Pods-AdaptiveXIBCell/Pods-AdaptiveXIBCell-frameworks.sh\"\n";
			showEnvVarsInLog = 0;
		};
		DED57FE912BE304F8A206244 /* [CP] Copy Pods Resources */ = {
			isa = PBXShellScriptBuildPhase;
			buildActionMask = 2147483647;
			files = (
			);
			inputPaths = (
			);
			name = "[CP] Copy Pods Resources";
			outputPaths = (
			);
			runOnlyForDeploymentPostprocessing = 0;
			shellPath = /bin/sh;
			shellScript = "\"${SRCROOT}/Pods/Target Support Files/Pods-AdaptiveXIBCell/Pods-AdaptiveXIBCell-resources.sh\"\n";
			showEnvVarsInLog = 0;
		};
/* End PBXShellScriptBuildPhase section */

/* Begin PBXSourcesBuildPhase section */
		A18FF0511DF6595400130A4B /* Sources */ = {
			isa = PBXSourcesBuildPhase;
			buildActionMask = 2147483647;
			files = (
				A18FF0661DF6595400130A4B /* AdaptiveXIBCell.xcdatamodeld in Sources */,
				A18FF07E1DF65B5600130A4B /* AdaptiveModel.m in Sources */,
				A18FF0761DF65B1C00130A4B /* BaseViewController.m in Sources */,
				A18FF05D1DF6595400130A4B /* AppDelegate.m in Sources */,
				A18FF05A1DF6595400130A4B /* main.m in Sources */,
				A18FF07A1DF65B4E00130A4B /* AdaptiveTableViewCell.m in Sources */,
			);
			runOnlyForDeploymentPostprocessing = 0;
		};
/* End PBXSourcesBuildPhase section */

/* Begin PBXVariantGroup section */
		A18FF0691DF6595400130A4B /* LaunchScreen.storyboard */ = {
			isa = PBXVariantGroup;
			children = (
				A18FF06A1DF6595400130A4B /* Base */,
			);
			name = LaunchScreen.storyboard;
			sourceTree = "<group>";
		};
/* End PBXVariantGroup section */

/* Begin XCBuildConfiguration section */
		A18FF06D1DF6595400130A4B /* Debug */ = {
			isa = XCBuildConfiguration;
			buildSettings = {
				ALWAYS_SEARCH_USER_PATHS = NO;
				CLANG_ANALYZER_NONNULL = YES;
				CLANG_CXX_LANGUAGE_STANDARD = "gnu++0x";
				CLANG_CXX_LIBRARY = "libc++";
				CLANG_ENABLE_MODULES = YES;
				CLANG_ENABLE_OBJC_ARC = YES;
				CLANG_WARN_BOOL_CONVERSION = YES;
				CLANG_WARN_CONSTANT_CONVERSION = YES;
				CLANG_WARN_DIRECT_OBJC_ISA_USAGE = YES_ERROR;
				CLANG_WARN_DOCUMENTATION_COMMENTS = YES;
				CLANG_WARN_EMPTY_BODY = YES;
				CLANG_WARN_ENUM_CONVERSION = YES;
				CLANG_WARN_INFINITE_RECURSION = YES;
				CLANG_WARN_INT_CONVERSION = YES;
				CLANG_WARN_OBJC_ROOT_CLASS = YES_ERROR;
				CLANG_WARN_SUSPICIOUS_MOVES = YES;
				CLANG_WARN_UNREACHABLE_CODE = YES;
				CLANG_WARN__DUPLICATE_METHOD_MATCH = YES;
				"CODE_SIGN_IDENTITY[sdk=iphoneos*]" = "iPhone Developer";
				COPY_PHASE_STRIP = NO;
				DEBUG_INFORMATION_FORMAT = dwarf;
				ENABLE_STRICT_OBJC_MSGSEND = YES;
				ENABLE_TESTABILITY = YES;
				GCC_C_LANGUAGE_STANDARD = gnu99;
				GCC_DYNAMIC_NO_PIC = NO;
				GCC_NO_COMMON_BLOCKS = YES;
				GCC_OPTIMIZATION_LEVEL = 0;
				GCC_PREPROCESSOR_DEFINITIONS = (
					"DEBUG=1",
					"$(inherited)",
				);
				GCC_WARN_64_TO_32_BIT_CONVERSION = YES;
				GCC_WARN_ABOUT_RETURN_TYPE = YES_ERROR;
				GCC_WARN_UNDECLARED_SELECTOR = YES;
				GCC_WARN_UNINITIALIZED_AUTOS = YES_AGGRESSIVE;
				GCC_WARN_UNUSED_FUNCTION = YES;
				GCC_WARN_UNUSED_VARIABLE = YES;
				IPHONEOS_DEPLOYMENT_TARGET = 10.1;
				MTL_ENABLE_DEBUG_INFO = YES;
				ONLY_ACTIVE_ARCH = YES;
				SDKROOT = iphoneos;
			};
			name = Debug;
		};
		A18FF06E1DF6595400130A4B /* Release */ = {
			isa = XCBuildConfiguration;
			buildSettings = {
				ALWAYS_SEARCH_USER_PATHS = NO;
				CLANG_ANALYZER_NONNULL = YES;
				CLANG_CXX_LANGUAGE_STANDARD = "gnu++0x";
				CLANG_CXX_LIBRARY = "libc++";
				CLANG_ENABLE_MODULES = YES;
				CLANG_ENABLE_OBJC_ARC = YES;
				CLANG_WARN_BOOL_CONVERSION = YES;
				CLANG_WARN_CONSTANT_CONVERSION = YES;
				CLANG_WARN_DIRECT_OBJC_ISA_USAGE = YES_ERROR;
				CLANG_WARN_DOCUMENTATION_COMMENTS = YES;
				CLANG_WARN_EMPTY_BODY = YES;
				CLANG_WARN_ENUM_CONVERSION = YES;
				CLANG_WARN_INFINITE_RECURSION = YES;
				CLANG_WARN_INT_CONVERSION = YES;
				CLANG_WARN_OBJC_ROOT_CLASS = YES_ERROR;
				CLANG_WARN_SUSPICIOUS_MOVES = YES;
				CLANG_WARN_UNREACHABLE_CODE = YES;
				CLANG_WARN__DUPLICATE_METHOD_MATCH = YES;
				"CODE_SIGN_IDENTITY[sdk=iphoneos*]" = "iPhone Developer";
				COPY_PHASE_STRIP = NO;
				DEBUG_INFORMATION_FORMAT = "dwarf-with-dsym";
				ENABLE_NS_ASSERTIONS = NO;
				ENABLE_STRICT_OBJC_MSGSEND = YES;
				GCC_C_LANGUAGE_STANDARD = gnu99;
				GCC_NO_COMMON_BLOCKS = YES;
				GCC_WARN_64_TO_32_BIT_CONVERSION = YES;
				GCC_WARN_ABOUT_RETURN_TYPE = YES_ERROR;
				GCC_WARN_UNDECLARED_SELECTOR = YES;
				GCC_WARN_UNINITIALIZED_AUTOS = YES_AGGRESSIVE;
				GCC_WARN_UNUSED_FUNCTION = YES;
				GCC_WARN_UNUSED_VARIABLE = YES;
				IPHONEOS_DEPLOYMENT_TARGET = 10.1;
				MTL_ENABLE_DEBUG_INFO = NO;
				SDKROOT = iphoneos;
				VALIDATE_PRODUCT = YES;
			};
			name = Release;
		};
		A18FF0701DF6595400130A4B /* Debug */ = {
			isa = XCBuildConfiguration;
			baseConfigurationReference = 5911E5D97334C6D6998108C7 /* Pods-AdaptiveXIBCell.debug.xcconfig */;
			buildSettings = {
				ASSETCATALOG_COMPILER_APPICON_NAME = AppIcon;
				INFOPLIST_FILE = AdaptiveXIBCell/Info.plist;
				LD_RUNPATH_SEARCH_PATHS = "$(inherited) @executable_path/Frameworks";
				PRODUCT_BUNDLE_IDENTIFIER = HB.AdaptiveXIBCell;
				PRODUCT_NAME = "$(TARGET_NAME)";
			};
			name = Debug;
		};
		A18FF0711DF6595400130A4B /* Release */ = {
			isa = XCBuildConfiguration;
			baseConfigurationReference = 89408B5E99D696AA43807D6E /* Pods-AdaptiveXIBCell.release.xcconfig */;
			buildSettings = {
				ASSETCATALOG_COMPILER_APPICON_NAME = AppIcon;
				INFOPLIST_FILE = AdaptiveXIBCell/Info.plist;
				LD_RUNPATH_SEARCH_PATHS = "$(inherited) @executable_path/Frameworks";
				PRODUCT_BUNDLE_IDENTIFIER = HB.AdaptiveXIBCell;
				PRODUCT_NAME = "$(TARGET_NAME)";
			};
			name = Release;
		};
/* End XCBuildConfiguration section */

/* Begin XCConfigurationList section */
		A18FF0501DF6595400130A4B /* Build configuration list for PBXProject "AdaptiveXIBCell" */ = {
			isa = XCConfigurationList;
			buildConfigurations = (
				A18FF06D1DF6595400130A4B /* Debug */,
				A18FF06E1DF6595400130A4B /* Release */,
			);
			defaultConfigurationIsVisible = 0;
			defaultConfigurationName = Release;
		};
		A18FF06F1DF6595400130A4B /* Build configuration list for PBXNativeTarget "AdaptiveXIBCell" */ = {
			isa = XCConfigurationList;
			buildConfigurations = (
				A18FF0701DF6595400130A4B /* Debug */,
				A18FF0711DF6595400130A4B /* Release */,
			);
			defaultConfigurationIsVisible = 0;
			defaultConfigurationName = Release;
		};
/* End XCConfigurationList section */

/* Begin XCVersionGroup section */
		A18FF0641DF6595400130A4B /* AdaptiveXIBCell.xcdatamodeld */ = {
			isa = XCVersionGroup;
			children = (
				A18FF0651DF6595400130A4B /* AdaptiveXIBCell.xcdatamodel */,
			);
			currentVersion = A18FF0651DF6595400130A4B /* AdaptiveXIBCell.xcdatamodel */;
			path = AdaptiveXIBCell.xcdatamodeld;
			sourceTree = "<group>";
			versionGroupType = wrapper.xcdatamodel;
		};
/* End XCVersionGroup section */
	};
	rootObject = A18FF04D1DF6595400130A4B /* Project object */;
}
